
Microsoft Visual Studio Solution File, Format Version 12.00
# Visual Studio Version 17
VisualStudioVersion = 17.8.34330.188
MinimumVisualStudioVersion = 10.0.40219.1
Project("{FAE04EC0-301F-11D3-BF4B-00C04F79EFBC}") = "API", "API\API.csproj", "{47348827-DBC7-4FBB-8094-A8022B30265E}"
EndProject
Global
	GlobalSection(SolutionConfigurationPlatforms) = preSolution
		Debug|Any CPU = Debug|Any CPU
		Release|Any CPU = Release|Any CPU
	EndGlobalSection
	GlobalSection(ProjectConfigurationPlatforms) = postSolution
		{47348827-DBC7-4FBB-8094-A8022B30265E}.Debug|Any CPU.ActiveCfg = Debug|Any CPU
		{47348827-DBC7-4FBB-8094-A8022B30265E}.Debug|Any CPU.Build.0 = Debug|Any CPU
		{47348827-DBC7-4FBB-8094-A8022B30265E}.Release|Any CPU.ActiveCfg = Release|Any CPU
		{47348827-DBC7-4FBB-8094-A8022B30265E}.Release|Any CPU.Build.0 = Release|Any CPU
	EndGlobalSection
	GlobalSection(SolutionProperties) = preSolution
		HideSolutionNode = FALSE
	EndGlobalSection
	GlobalSection(ExtensibilityGlobals) = postSolution
		SolutionGuid = {E32FF688-1F4E-4234-ACE4-D02917B27DAE}
	EndGlobalSection
EndGlobal
